
Microsoft Visual Studio Solution File, Format Version 12.00
# Visual Studio Version 16
VisualStudioVersion = 16.0.30309.148
MinimumVisualStudioVersion = 10.0.40219.1
Project("{888888A0-9F3D-457C-B088-3A5042F75D52}") = "password_gen", "password_gen\password_gen.pyproj", "{0C208222-3E75-48EC-BF3E-0251E45308F2}"
EndProject
Global
	GlobalSection(SolutionConfigurationPlatforms) = preSolution
		Debug|Any CPU = Debug|Any CPU
		Release|Any CPU = Release|Any CPU
	EndGlobalSection
	GlobalSection(ProjectConfigurationPlatforms) = postSolution
		{0C208222-3E75-48EC-BF3E-0251E45308F2}.Debug|Any CPU.ActiveCfg = Debug|Any CPU
		{0C208222-3E75-48EC-BF3E-0251E45308F2}.Release|Any CPU.ActiveCfg = Release|Any CPU
	EndGlobalSection
	GlobalSection(SolutionProperties) = preSolution
		HideSolutionNode = FALSE
	EndGlobalSection
	GlobalSection(ExtensibilityGlobals) = postSolution
		SolutionGuid = {743EA25A-3673-4D07-A6CB-DE14DE4333C8}
	EndGlobalSection
EndGlobal
